// !$*UTF8*$!
{
	archiveVersion = 1;
	classes = {
	};
	objectVersion = 46;
	objects = {

/* Begin PBXBuildFile section */
		9DB31FD71E0529D900215A69 /* AppDelegate.swift in Sources */ = {isa = PBXBuildFile; fileRef = 9DB31FD61E0529D900215A69 /* AppDelegate.swift */; };
		9DB31FD91E0529D900215A69 /* ViewController.swift in Sources */ = {isa = PBXBuildFile; fileRef = 9DB31FD81E0529D900215A69 /* ViewController.swift */; };
		9DB31FDC1E0529D900215A69 /* Main.storyboard in Resources */ = {isa = PBXBuildFile; fileRef = 9DB31FDA1E0529D900215A69 /* Main.storyboard */; };
		9DB31FDE1E0529D900215A69 /* Assets.xcassets in Resources */ = {isa = PBXBuildFile; fileRef = 9DB31FDD1E0529D900215A69 /* Assets.xcassets */; };
		9DB31FE11E0529D900215A69 /* LaunchScreen.storyboard in Resources */ = {isa = PBXBuildFile; fileRef = 9DB31FDF1E0529D900215A69 /* LaunchScreen.storyboard */; };
		9DB31FEC1E0529D900215A69 /* VolcaTests.swift in Sources */ = {isa = PBXBuildFile; fileRef = 9DB31FEB1E0529D900215A69 /* VolcaTests.swift */; };
/* End PBXBuildFile section */

/* Begin PBXContainerItemProxy section */
		9DB31FE81E0529D900215A69 /* PBXContainerItemProxy */ = {
			isa = PBXContainerItemProxy;
			containerPortal = 9DB31FCB1E0529D900215A69 /* Project object */;
			proxyType = 1;
			remoteGlobalIDString = 9DB31FD21E0529D900215A69;
			remoteInfo = Volca;
		};
/* End PBXContainerItemProxy section */

/* Begin PBXFileReference section */
		9DB31FD31E0529D900215A69 /* Volca.app */ = {isa = PBXFileReference; explicitFileType = wrapper.application; includeInIndex = 0; path = Volca.app; sourceTree = BUILT_PRODUCTS_DIR; };
		9DB31FD61E0529D900215A69 /* AppDelegate.swift */ = {isa = PBXFileReference; lastKnownFileType = sourcecode.swift; path = AppDelegate.swift; sourceTree = "<group>"; };
		9DB31FD81E0529D900215A69 /* ViewController.swift */ = {isa = PBXFileReference; lastKnownFileType = sourcecode.swift; path = ViewController.swift; sourceTree = "<group>"; };
		9DB31FDB1E0529D900215A69 /* Base */ = {isa = PBXFileReference; lastKnownFileType = file.storyboard; name = Base; path = Base.lproj/Main.storyboard; sourceTree = "<group>"; };
		9DB31FDD1E0529D900215A69 /* Assets.xcassets */ = {isa = PBXFileReference; lastKnownFileType = folder.assetcatalog; path = Assets.xcassets; sourceTree = "<group>"; };
		9DB31FE01E0529D900215A69 /* Base */ = {isa = PBXFileReference; lastKnownFileType = file.storyboard; name = Base; path = Base.lproj/LaunchScreen.storyboard; sourceTree = "<group>"; };
		9DB31FE21E0529D900215A69 /* Info.plist */ = {isa = PBXFileReference; lastKnownFileType = text.plist.xml; path = Info.plist; sourceTree = "<group>"; };
		9DB31FE71E0529D900215A69 /* VolcaTests.xctest */ = {isa = PBXFileReference; explicitFileType = wrapper.cfbundle; includeInIndex = 0; path = VolcaTests.xctest; sourceTree = BUILT_PRODUCTS_DIR; };
		9DB31FEB1E0529D900215A69 /* VolcaTests.swift */ = {isa = PBXFileReference; lastKnownFileType = sourcecode.swift; path = VolcaTests.swift; sourceTree = "<group>"; };
		9DB31FED1E0529D900215A69 /* Info.plist */ = {isa = PBXFileReference; lastKnownFileType = text.plist.xml; path = Info.plist; sourceTree = "<group>"; };
/* End PBXFileReference section */

/* Begin PBXFrameworksBuildPhase section */
		9DB31FD01E0529D900215A69 /* Frameworks */ = {
			isa = PBXFrameworksBuildPhase;
			buildActionMask = 2147483647;
			files = (
			);
			runOnlyForDeploymentPostprocessing = 0;
		};
		9DB31FE41E0529D900215A69 /* Frameworks */ = {
			isa = PBXFrameworksBuildPhase;
			buildActionMask = 2147483647;
			files = (
			);
			runOnlyForDeploymentPostprocessing = 0;
		};
/* End PBXFrameworksBuildPhase section */

/* Begin PBXGroup section */
		9DB31FCA1E0529D900215A69 = {
			isa = PBXGroup;
			children = (
				9DB31FD51E0529D900215A69 /* Volca */,
				9DB31FEA1E0529D900215A69 /* VolcaTests */,
				9DB31FD41E0529D900215A69 /* Products */,
			);
			sourceTree = "<group>";
		};
		9DB31FD41E0529D900215A69 /* Products */ = {
			isa = PBXGroup;
			children = (
				9DB31FD31E0529D900215A69 /* Volca.app */,
				9DB31FE71E0529D900215A69 /* VolcaTests.xctest */,
			);
			name = Products;
			sourceTree = "<group>";
		};
		9DB31FD51E0529D900215A69 /* Volca */ = {
			isa = PBXGroup;
			children = (
				9DB31FD61E0529D900215A69 /* AppDelegate.swift */,
				9DB31FD81E0529D900215A69 /* ViewController.swift */,
				9DB31FDA1E0529D900215A69 /* Main.storyboard */,
				9DB31FDD1E0529D900215A69 /* Assets.xcassets */,
				9DB31FDF1E0529D900215A69 /* LaunchScreen.storyboard */,
				9DB31FE21E0529D900215A69 /* Info.plist */,
			);
			path = Volca;
			sourceTree = "<group>";
		};
		9DB31FEA1E0529D900215A69 /* VolcaTests */ = {
			isa = PBXGroup;
			children = (
				9DB31FEB1E0529D900215A69 /* VolcaTests.swift */,
				9DB31FED1E0529D900215A69 /* Info.plist */,
			);
			path = VolcaTests;
			sourceTree = "<group>";
		};
/* End PBXGroup section */

/* Begin PBXNativeTarget section */
		9DB31FD21E0529D900215A69 /* Volca */ = {
			isa = PBXNativeTarget;
			buildConfigurationList = 9DB31FF01E0529D900215A69 /* Build configuration list for PBXNativeTarget "Volca" */;
			buildPhases = (
				9DB31FCF1E0529D900215A69 /* Sources */,
				9DB31FD01E0529D900215A69 /* Frameworks */,
				9DB31FD11E0529D900215A69 /* Resources */,
			);
			buildRules = (
			);
			dependencies = (
			);
			name = Volca;
			productName = Volca;
			productReference = 9DB31FD31E0529D900215A69 /* Volca.app */;
			productType = "com.apple.product-type.application";
		};
		9DB31FE61E0529D900215A69 /* VolcaTests */ = {
			isa = PBXNativeTarget;
			buildConfigurationList = 9DB31FF31E0529D900215A69 /* Build configuration list for PBXNativeTarget "VolcaTests" */;
			buildPhases = (
				9DB31FE31E0529D900215A69 /* Sources */,
				9DB31FE41E0529D900215A69 /* Frameworks */,
				9DB31FE51E0529D900215A69 /* Resources */,
			);
			buildRules = (
			);
			dependencies = (
				9DB31FE91E0529D900215A69 /* PBXTargetDependency */,
			);
			name = VolcaTests;
			productName = VolcaTests;
			productReference = 9DB31FE71E0529D900215A69 /* VolcaTests.xctest */;
			productType = "com.apple.product-type.bundle.unit-test";
		};
/* End PBXNativeTarget section */

/* Begin PBXProject section */
		9DB31FCB1E0529D900215A69 /* Project object */ = {
			isa = PBXProject;
			attributes = {
				LastSwiftUpdateCheck = 0810;
				LastUpgradeCheck = 0810;
				ORGANIZATIONNAME = "Pinxter Inc.";
				TargetAttributes = {
					9DB31FD21E0529D900215A69 = {
						CreatedOnToolsVersion = 8.1;
						DevelopmentTeam = W6H6A25BPW;
						ProvisioningStyle = Automatic;
					};
					9DB31FE61E0529D900215A69 = {
						CreatedOnToolsVersion = 8.1;
						DevelopmentTeam = W6H6A25BPW;
						ProvisioningStyle = Automatic;
						TestTargetID = 9DB31FD21E0529D900215A69;
					};
				};
			};
			buildConfigurationList = 9DB31FCE1E0529D900215A69 /* Build configuration list for PBXProject "Volca" */;
			compatibilityVersion = "Xcode 3.2";
			developmentRegion = English;
			hasScannedForEncodings = 0;
			knownRegions = (
				en,
				Base,
			);
			mainGroup = 9DB31FCA1E0529D900215A69;
			productRefGroup = 9DB31FD41E0529D900215A69 /* Products */;
			projectDirPath = "";
			projectRoot = "";
			targets = (
				9DB31FD21E0529D900215A69 /* Volca */,
				9DB31FE61E0529D900215A69 /* VolcaTests */,
			);
		};
/* End PBXProject section */

/* Begin PBXResourcesBuildPhase section */
		9DB31FD11E0529D900215A69 /* Resources */ = {
			isa = PBXResourcesBuildPhase;
			buildActionMask = 2147483647;
			files = (
				9DB31FE11E0529D900215A69 /* LaunchScreen.storyboard in Resources */,
				9DB31FDE1E0529D900215A69 /* Assets.xcassets in Resources */,
				9DB31FDC1E0529D900215A69 /* Main.storyboard in Resources */,
			);
			runOnlyForDeploymentPostprocessing = 0;
		};
		9DB31FE51E0529D900215A69 /* Resources */ = {
			isa = PBXResourcesBuildPhase;
			buildActionMask = 2147483647;
			files = (
			);
			runOnlyForDeploymentPostprocessing = 0;
		};
/* End PBXResourcesBuildPhase section */

/* Begin PBXSourcesBuildPhase section */
		9DB31FCF1E0529D900215A69 /* Sources */ = {
			isa = PBXSourcesBuildPhase;
			buildActionMask = 2147483647;
			files = (
				9DB31FD91E0529D900215A69 /* ViewController.swift in Sources */,
				9DB31FD71E0529D900215A69 /* AppDelegate.swift in Sources */,
			);
			runOnlyForDeploymentPostprocessing = 0;
		};
		9DB31FE31E0529D900215A69 /* Sources */ = {
			isa = PBXSourcesBuildPhase;
			buildActionMask = 2147483647;
			files = (
				9DB31FEC1E0529D900215A69 /* VolcaTests.swift in Sources */,
			);
			runOnlyForDeploymentPostprocessing = 0;
		};
/* End PBXSourcesBuildPhase section */

/* Begin PBXTargetDependency section */
		9DB31FE91E0529D900215A69 /* PBXTargetDependency */ = {
			isa = PBXTargetDependency;
			target = 9DB31FD21E0529D900215A69 /* Volca */;
			targetProxy = 9DB31FE81E0529D900215A69 /* PBXContainerItemProxy */;
		};
/* End PBXTargetDependency section */

/* Begin PBXVariantGroup section */
		9DB31FDA1E0529D900215A69 /* Main.storyboard */ = {
			isa = PBXVariantGroup;
			children = (
				9DB31FDB1E0529D900215A69 /* Base */,
			);
			name = Main.storyboard;
			sourceTree = "<group>";
		};
		9DB31FDF1E0529D900215A69 /* LaunchScreen.storyboard */ = {
			isa = PBXVariantGroup;
			children = (
				9DB31FE01E0529D900215A69 /* Base */,
			);
			name = LaunchScreen.storyboard;
			sourceTree = "<group>";
		};
/* End PBXVariantGroup section */

/* Begin XCBuildConfiguration section */
		9DB31FEE1E0529D900215A69 /* Debug */ = {
			isa = XCBuildConfiguration;
			buildSettings = {
				ALWAYS_SEARCH_USER_PATHS = NO;
				CLANG_ANALYZER_NONNULL = YES;
				CLANG_CXX_LANGUAGE_STANDARD = "gnu++0x";
				CLANG_CXX_LIBRARY = "libc++";
				CLANG_ENABLE_MODULES = YES;
				CLANG_ENABLE_OBJC_ARC = YES;
				CLANG_WARN_BOOL_CONVERSION = YES;
				CLANG_WARN_CONSTANT_CONVERSION = YES;
				CLANG_WARN_DIRECT_OBJC_ISA_USAGE = YES_ERROR;
				CLANG_WARN_DOCUMENTATION_COMMENTS = YES;
				CLANG_WARN_EMPTY_BODY = YES;
				CLANG_WARN_ENUM_CONVERSION = YES;
				CLANG_WARN_INFINITE_RECURSION = YES;
				CLANG_WARN_INT_CONVERSION = YES;
				CLANG_WARN_OBJC_ROOT_CLASS = YES_ERROR;
				CLANG_WARN_SUSPICIOUS_MOVES = YES;
				CLANG_WARN_UNREACHABLE_CODE = YES;
				CLANG_WARN__DUPLICATE_METHOD_MATCH = YES;
				"CODE_SIGN_IDENTITY[sdk=iphoneos*]" = "iPhone Developer";
				COPY_PHASE_STRIP = NO;
				DEBUG_INFORMATION_FORMAT = dwarf;
				ENABLE_STRICT_OBJC_MSGSEND = YES;
				ENABLE_TESTABILITY = YES;
				GCC_C_LANGUAGE_STANDARD = gnu99;
				GCC_DYNAMIC_NO_PIC = NO;
				GCC_NO_COMMON_BLOCKS = YES;
				GCC_OPTIMIZATION_LEVEL = 0;
				GCC_PREPROCESSOR_DEFINITIONS = (
					"DEBUG=1",
					"$(inherited)",
				);
				GCC_WARN_64_TO_32_BIT_CONVERSION = YES;
				GCC_WARN_ABOUT_RETURN_TYPE = YES_ERROR;
				GCC_WARN_UNDECLARED_SELECTOR = YES;
				GCC_WARN_UNINITIALIZED_AUTOS = YES_AGGRESSIVE;
				GCC_WARN_UNUSED_FUNCTION = YES;
				GCC_WARN_UNUSED_VARIABLE = YES;
				IPHONEOS_DEPLOYMENT_TARGET = 10.1;
				MTL_ENABLE_DEBUG_INFO = YES;
				ONLY_ACTIVE_ARCH = YES;
				SDKROOT = iphoneos;
				SWIFT_ACTIVE_COMPILATION_CONDITIONS = DEBUG;
				SWIFT_OPTIMIZATION_LEVEL = "-Onone";
			};
			name = Debug;
		};
		9DB31FEF1E0529D900215A69 /* Release */ = {
			isa = XCBuildConfiguration;
			buildSettings = {
				ALWAYS_SEARCH_USER_PATHS = NO;
				CLANG_ANALYZER_NONNULL = YES;
				CLANG_CXX_LANGUAGE_STANDARD = "gnu++0x";
				CLANG_CXX_LIBRARY = "libc++";
				CLANG_ENABLE_MODULES = YES;
				CLANG_ENABLE_OBJC_ARC = YES;
				CLANG_WARN_BOOL_CONVERSION = YES;
				CLANG_WARN_CONSTANT_CONVERSION = YES;
				CLANG_WARN_DIRECT_OBJC_ISA_USAGE = YES_ERROR;
				CLANG_WARN_DOCUMENTATION_COMMENTS = YES;
				CLANG_WARN_EMPTY_BODY = YES;
				CLANG_WARN_ENUM_CONVERSION = YES;
				CLANG_WARN_INFINITE_RECURSION = YES;
				CLANG_WARN_INT_CONVERSION = YES;
				CLANG_WARN_OBJC_ROOT_CLASS = YES_ERROR;
				CLANG_WARN_SUSPICIOUS_MOVES = YES;
				CLANG_WARN_UNREACHABLE_CODE = YES;
				CLANG_WARN__DUPLICATE_METHOD_MATCH = YES;
				"CODE_SIGN_IDENTITY[sdk=iphoneos*]" = "iPhone Developer";
				COPY_PHASE_STRIP = NO;
				DEBUG_INFORMATION_FORMAT = "dwarf-with-dsym";
				ENABLE_NS_ASSERTIONS = NO;
				ENABLE_STRICT_OBJC_MSGSEND = YES;
				GCC_C_LANGUAGE_STANDARD = gnu99;
				GCC_NO_COMMON_BLOCKS = YES;
				GCC_WARN_64_TO_32_BIT_CONVERSION = YES;
				GCC_WARN_ABOUT_RETURN_TYPE = YES_ERROR;
				GCC_WARN_UNDECLARED_SELECTOR = YES;
				GCC_WARN_UNINITIALIZED_AUTOS = YES_AGGRESSIVE;
				GCC_WARN_UNUSED_FUNCTION = YES;
				GCC_WARN_UNUSED_VARIABLE = YES;
				IPHONEOS_DEPLOYMENT_TARGET = 10.1;
				MTL_ENABLE_DEBUG_INFO = NO;
				SDKROOT = iphoneos;
				SWIFT_OPTIMIZATION_LEVEL = "-Owholemodule";
				VALIDATE_PRODUCT = YES;
			};
			name = Release;
		};
		9DB31FF11E0529D900215A69 /* Debug */ = {
			isa = XCBuildConfiguration;
			buildSettings = {
				ASSETCATALOG_COMPILER_APPICON_NAME = AppIcon;
				DEVELOPMENT_TEAM = W6H6A25BPW;
				INFOPLIST_FILE = Volca/Info.plist;
				LD_RUNPATH_SEARCH_PATHS = "$(inherited) @executable_path/Frameworks";
				PRODUCT_BUNDLE_IDENTIFIER = pinxterinc.Volca;
				PRODUCT_NAME = "$(TARGET_NAME)";
				SWIFT_VERSION = 3.0;
			};
			name = Debug;
		};
		9DB31FF21E0529D900215A69 /* Release */ = {
			isa = XCBuildConfiguration;
			buildSettings = {
				ASSETCATALOG_COMPILER_APPICON_NAME = AppIcon;
				DEVELOPMENT_TEAM = W6H6A25BPW;
				INFOPLIST_FILE = Volca/Info.plist;
				LD_RUNPATH_SEARCH_PATHS = "$(inherited) @executable_path/Frameworks";
				PRODUCT_BUNDLE_IDENTIFIER = pinxterinc.Volca;
				PRODUCT_NAME = "$(TARGET_NAME)";
				SWIFT_VERSION = 3.0;
			};
			name = Release;
		};
		9DB31FF41E0529D900215A69 /* Debug */ = {
			isa = XCBuildConfiguration;
			buildSettings = {
				ALWAYS_EMBED_SWIFT_STANDARD_LIBRARIES = YES;
				BUNDLE_LOADER = "$(TEST_HOST)";
				DEVELOPMENT_TEAM = W6H6A25BPW;
				INFOPLIST_FILE = VolcaTests/Info.plist;
				LD_RUNPATH_SEARCH_PATHS = "$(inherited) @executable_path/Frameworks @loader_path/Frameworks";
				PRODUCT_BUNDLE_IDENTIFIER = pinxterinc.VolcaTests;
				PRODUCT_NAME = "$(TARGET_NAME)";
				SWIFT_VERSION = 3.0;
				TEST_HOST = "$(BUILT_PRODUCTS_DIR)/Volca.app/Volca";
			};
			name = Debug;
		};
		9DB31FF51E0529D900215A69 /* Release */ = {
			isa = XCBuildConfiguration;
			buildSettings = {
				ALWAYS_EMBED_SWIFT_STANDARD_LIBRARIES = YES;
				BUNDLE_LOADER = "$(TEST_HOST)";
				DEVELOPMENT_TEAM = W6H6A25BPW;
				INFOPLIST_FILE = VolcaTests/Info.plist;
				LD_RUNPATH_SEARCH_PATHS = "$(inherited) @executable_path/Frameworks @loader_path/Frameworks";
				PRODUCT_BUNDLE_IDENTIFIER = pinxterinc.VolcaTests;
				PRODUCT_NAME = "$(TARGET_NAME)";
				SWIFT_VERSION = 3.0;
				TEST_HOST = "$(BUILT_PRODUCTS_DIR)/Volca.app/Volca";
			};
			name = Release;
		};
/* End XCBuildConfiguration section */

/* Begin XCConfigurationList section */
		9DB31FCE1E0529D900215A69 /* Build configuration list for PBXProject "Volca" */ = {
			isa = XCConfigurationList;
			buildConfigurations = (
				9DB31FEE1E0529D900215A69 /* Debug */,
				9DB31FEF1E0529D900215A69 /* Release */,
			);
			defaultConfigurationIsVisible = 0;
			defaultConfigurationName = Release;
		};
		9DB31FF01E0529D900215A69 /* Build configuration list for PBXNativeTarget "Volca" */ = {
			isa = XCConfigurationList;
			buildConfigurations = (
				9DB31FF11E0529D900215A69 /* Debug */,
				9DB31FF21E0529D900215A69 /* Release */,
			);
			defaultConfigurationIsVisible = 0;
		};
		9DB31FF31E0529D900215A69 /* Build configuration list for PBXNativeTarget "VolcaTests" */ = {
			isa = XCConfigurationList;
			buildConfigurations = (
				9DB31FF41E0529D900215A69 /* Debug */,
				9DB31FF51E0529D900215A69 /* Release */,
			);
			defaultConfigurationIsVisible = 0;
		};
/* End XCConfigurationList section */
	};
	rootObject = 9DB31FCB1E0529D900215A69 /* Project object */;
}
